SITE
  remote: https://supermarket.chef.io/api/v1
  specs:
    7-zip (1.0.2)
      windows (>= 1.2.2)
    apache_kafka (1.5.0)
      java (>= 0.0.0)
      runit (>= 0.0.0)
    apt (2.4.0)
    ark (0.9.0)
      7-zip (>= 0.0.0)
      windows (>= 0.0.0)
    aws (2.7.2)
    aws-ec2-assign-elastic-ip (0.1.0)
      python (>= 0.0.0)
    aws-rds (1.4.1)
      build-essential (>= 0.0.0)
    aws-sdk (1.42.0)
      apt (~> 2.4.0)
      build-essential (~> 2.0.2)
    aws-vpc-nat-instance (0.1.0)
      chef-sugar (= 3.0.1)
      simple_iptables (= 0.7.1)
      sysctl (= 0.6.2)
    awscli (1.1.1)
      python (~> 1.4)
    bluepill (2.3.1)
      rsyslog (>= 0.0.0)
    build-essential (2.0.6)
    chef-client (4.3.1)
      cron (>= 1.2.0)
      logrotate (>= 1.2.0)
      windows (~> 1.37)
    chef-sugar (3.0.1)
    chef_handler (1.2.0)
    cron (1.6.1)
    curl (2.0.1)
    dmg (2.2.2)
    elasticsearch (0.3.14)
      ark (>= 0.2.4)
    git (4.3.3)
      build-essential (>= 0.0.0)
      dmg (>= 0.0.0)
      windows (>= 0.0.0)
      yum-epel (>= 0.0.0)
    install_from (3.0.4)
    java (1.35.0)
    logrotate (1.9.2)
    magic (1.1.13)
    metachef (3.0.4)
    newrelic (2.14.2)
      apt (~> 2.0)
      curl (>= 0.0.0)
      python (>= 0.0.0)
      yum (~> 3.0)
    nginx (2.7.6)
      apt (~> 2.2)
      bluepill (~> 2.3)
      build-essential (~> 2.0)
      ohai (~> 2.0)
      runit (~> 1.2)
      yum-epel (~> 0.3)
    ohai (2.0.1)
    openssl (4.0.0)
      chef-sugar (>= 0.0.0)
    packagecloud (0.0.19)
    postgresql (3.4.20)
      apt (>= 1.9.0)
      build-essential (>= 0.0.0)
      openssl (~> 4.0.0)
    python (1.4.6)
      build-essential (>= 0.0.0)
      yum-epel (>= 0.0.0)
    rbenv (1.7.1)
      apt (>= 0.0.0)
      build-essential (>= 0.0.0)
      git (>= 0.0.0)
      ohai (>= 1.1)
    rbenv-bootstrap (0.1.0)
      rbenv (>= 0.0.0)
    redis (3.0.4)
      install_from (>= 0.0.0)
      metachef (>= 0.0.0)
      runit (>= 0.0.0)
    rsyslog (2.1.0)
    runit (1.7.2)
      packagecloud (>= 0.0.0)
    simple_iptables (0.7.1)
    sysctl (0.6.2)
      ohai (>= 0.0.0)
    windows (1.38.1)
      chef_handler (>= 0.0.0)
    yum (3.6.3)
    yum-epel (0.6.2)
      yum (~> 3.2)
    zookeeper (2.12.0)
      apt (>= 0.0.0)
      build-essential (>= 2.0.2)
      java (>= 0.0.0)
      magic (~> 1.1)
      runit (>= 0.0.0)
    zsh (1.0.1)

DEPENDENCIES
  apache_kafka (>= 0)
  aws (>= 0)
  aws-ec2-assign-elastic-ip (>= 0)
  aws-rds (>= 0)
  aws-sdk (>= 0)
  aws-vpc-nat-instance (>= 0)
  awscli (>= 0)
  chef-client (>= 0)
  elasticsearch (>= 0)
  newrelic (>= 0)
  nginx (>= 0)
  postgresql (>= 0)
  rbenv (>= 0)
  rbenv-bootstrap (>= 0)
  redis (>= 0)
  zookeeper (>= 0)
  zsh (>= 0)

